
Microsoft Visual Studio Solution File, Format Version 12.00
# Visual Studio Version 17
VisualStudioVersion = 17.8.34601.278
MinimumVisualStudioVersion = 10.0.40219.1
Project("{FAE04EC0-301F-11D3-BF4B-00C04F79EFBC}") = "ToDoList", "ToDoList.csproj", "{1F349F02-5691-413A-916F-25001E4B9F1C}"
EndProject
Global
	GlobalSection(SolutionConfigurationPlatforms) = preSolution
		Debug|Any CPU = Debug|Any CPU
		Release|Any CPU = Release|Any CPU
	EndGlobalSection
	GlobalSection(ProjectConfigurationPlatforms) = postSolution
		{1F349F02-5691-413A-916F-25001E4B9F1C}.Debug|Any CPU.ActiveCfg = Debug|Any CPU
		{1F349F02-5691-413A-916F-25001E4B9F1C}.Debug|Any CPU.Build.0 = Debug|Any CPU
		{1F349F02-5691-413A-916F-25001E4B9F1C}.Release|Any CPU.ActiveCfg = Release|Any CPU
		{1F349F02-5691-413A-916F-25001E4B9F1C}.Release|Any CPU.Build.0 = Release|Any CPU
	EndGlobalSection
	GlobalSection(SolutionProperties) = preSolution
		HideSolutionNode = FALSE
	EndGlobalSection
	GlobalSection(ExtensibilityGlobals) = postSolution
		SolutionGuid = {960BE6D2-72CA-461D-BCC0-48D101EBA74D}
	EndGlobalSection
EndGlobal
